
Microsoft Visual Studio Solution File, Format Version 12.00
# Visual Studio Version 17
VisualStudioVersion = 17.0.31314.256
MinimumVisualStudioVersion = 10.0.40219.1
Project("{2150E333-8FDC-42A3-9474-1A3956D46DE8}") = "Automation", "Automation", "{0BFBE63A-B98A-3411-8EEB-8918FEC737B3}"
EndProject
Project("{2150E333-8FDC-42A3-9474-1A3956D46DE8}") = "Engine", "Engine", "{233774A8-CC9D-3FA9-86D1-90573E92B704}"
EndProject
Project("{2150E333-8FDC-42A3-9474-1A3956D46DE8}") = "Games", "Games", "{DE1F8B53-6C02-3C13-9101-A7C8D96F3FF6}"
EndProject
Project("{2150E333-8FDC-42A3-9474-1A3956D46DE8}") = "Programs", "Programs", "{A338B9E2-A559-34BE-A46D-F789DD488FAD}"
EndProject
Project("{2150E333-8FDC-42A3-9474-1A3956D46DE8}") = "Rules", "Rules", "{C2F57ECE-B26F-39D8-BDA7-C1D40BD8F180}"
EndProject
Project("{2150E333-8FDC-42A3-9474-1A3956D46DE8}") = "Shared", "Shared", "{57713676-9DBE-331C-AD10-26632AC9EE0C}"
EndProject
Project("{2150E333-8FDC-42A3-9474-1A3956D46DE8}") = "UnrealBuildTool.Plugins", "UnrealBuildTool.Plugins", "{7B5CFB44-F0FB-31DF-AE62-C3C096A29A7B}"
EndProject
Project("{8BC9CEB8-8B4A-11D0-8D11-00A0C91BC942}") = "ZombieArea", "Intermediate\ProjectFiles\ZombieArea.vcxproj", "{BA4476A3-70B2-3944-8064-6F7BD52374A6}"
	ProjectSection(ProjectDependencies) = postProject
		{7CE5B890-01C4-3E31-AA6E-C50F65E02E79} = {7CE5B890-01C4-3E31-AA6E-C50F65E02E79}
	EndProjectSection
EndProject
Project("{8BC9CEB8-8B4A-11D0-8D11-00A0C91BC942}") = "UE5", "Intermediate\ProjectFiles\UE5.vcxproj", "{93440136-F26D-37E8-B3FC-34E489CFA730}"
EndProject
Project("{FAE04EC0-301F-11D3-BF4B-00C04F79EFBC}") = "UnrealBuildTool", "..\..\..\UnrealEngineFromEpic\UE_5.3\Engine\Source\Programs\UnrealBuildTool\UnrealBuildTool.csproj", "{7CE5B890-01C4-3E31-AA6E-C50F65E02E79}"
EndProject
Project("{FAE04EC0-301F-11D3-BF4B-00C04F79EFBC}") = "AutomationTool", "..\..\..\UnrealEngineFromEpic\UE_5.3\Engine\Source\Programs\AutomationTool\AutomationTool.csproj", "{CA36C6A5-EC1F-3D97-8573-F85C631F1621}"
EndProject
Project("{FAE04EC0-301F-11D3-BF4B-00C04F79EFBC}") = "Android.Automation", "..\..\..\UnrealEngineFromEpic\UE_5.3\Engine\Source\Programs\AutomationTool\Android\Android.Automation.csproj", "{CE58B711-81E3-3B55-8416-F17B86E72E38}"
EndProject
Project("{FAE04EC0-301F-11D3-BF4B-00C04F79EFBC}") = "Apple.Automation", "..\..\..\UnrealEngineFromEpic\UE_5.3\Engine\Source\Programs\AutomationTool\Apple\Apple.Automation.csproj", "{391F0CF5-9D69-383A-AEC2-04C1B42F2D3E}"
EndProject
Project("{FAE04EC0-301F-11D3-BF4B-00C04F79EFBC}") = "AutomationUtils.Automation", "..\..\..\UnrealEngineFromEpic\UE_5.3\Engine\Source\Programs\AutomationTool\AutomationUtils\AutomationUtils.Automation.csproj", "{E1B256A9-0A55-3D0B-9979-B878E26D14A9}"
EndProject
Project("{FAE04EC0-301F-11D3-BF4B-00C04F79EFBC}") = "BuildGraph.Automation", "..\..\..\UnrealEngineFromEpic\UE_5.3\Engine\Source\Programs\AutomationTool\BuildGraph\BuildGraph.Automation.csproj", "{B66C688F-4815-3311-AD60-3267032435F8}"
EndProject
Project("{FAE04EC0-301F-11D3-BF4B-00C04F79EFBC}") = "CookedEditor.Automation", "..\..\..\UnrealEngineFromEpic\UE_5.3\Engine\Source\Programs\AutomationTool\CookedEditor\CookedEditor.Automation.csproj", "{4BED86E9-93AA-3889-AC02-876F6B235182}"
EndProject
Project("{FAE04EC0-301F-11D3-BF4B-00C04F79EFBC}") = "CrowdinLocalization.Automation", "..\..\..\UnrealEngineFromEpic\UE_5.3\Engine\Source\Programs\AutomationTool\CrowdinLocalization\CrowdinLocalization.Automation.csproj", "{9B1DC7CB-1A0B-36A3-AC98-A2C2C4704E21}"
EndProject
Project("{FAE04EC0-301F-11D3-BF4B-00C04F79EFBC}") = "Gauntlet.Automation", "..\..\..\UnrealEngineFromEpic\UE_5.3\Engine\Source\Programs\AutomationTool\Gauntlet\Gauntlet.Automation.csproj", "{D341995F-6761-3ACE-B679-8F20374F1869}"
EndProject
Project("{FAE04EC0-301F-11D3-BF4B-00C04F79EFBC}") = "IOS.Automation", "..\..\..\UnrealEngineFromEpic\UE_5.3\Engine\Source\Programs\AutomationTool\IOS\IOS.Automation.csproj", "{7AE6412D-2213-370D-8FFC-5C10DF286507}"
EndProject
Project("{FAE04EC0-301F-11D3-BF4B-00C04F79EFBC}") = "Linux.Automation", "..\..\..\UnrealEngineFromEpic\UE_5.3\Engine\Source\Programs\AutomationTool\Linux\Linux.Automation.csproj", "{C9731E0F-B6C8-3E91-9A0A-3595ED42F224}"
EndProject
Project("{FAE04EC0-301F-11D3-BF4B-00C04F79EFBC}") = "Localization.Automation", "..\..\..\UnrealEngineFromEpic\UE_5.3\Engine\Source\Programs\AutomationTool\Localization\Localization.Automation.csproj", "{4C4F70BA-D2B4-3847-ABAD-56AFDD633199}"
EndProject
Project("{FAE04EC0-301F-11D3-BF4B-00C04F79EFBC}") = "LowLevelTests.Automation", "..\..\..\UnrealEngineFromEpic\UE_5.3\Engine\Source\Programs\AutomationTool\LowLevelTests\LowLevelTests.Automation.csproj", "{1C89DFA7-806F-3109-9FE0-97D3A1627451}"
EndProject
Project("{FAE04EC0-301F-11D3-BF4B-00C04F79EFBC}") = "Mac.Automation", "..\..\..\UnrealEngineFromEpic\UE_5.3\Engine\Source\Programs\AutomationTool\Mac\Mac.Automation.csproj", "{640F84CF-C874-3756-948E-A676643B680C}"
EndProject
Project("{FAE04EC0-301F-11D3-BF4B-00C04F79EFBC}") = "OneSkyLocalization.Automation", "..\..\..\UnrealEngineFromEpic\UE_5.3\Engine\Source\Programs\AutomationTool\OneSkyLocalization\OneSkyLocalization.Automation.csproj", "{C1F02E4B-9759-399D-8333-A2A82EE124DB}"
EndProject
Project("{FAE04EC0-301F-11D3-BF4B-00C04F79EFBC}") = "AutomationScripts.Automation", "..\..\..\UnrealEngineFromEpic\UE_5.3\Engine\Source\Programs\AutomationTool\Scripts\AutomationScripts.Automation.csproj", "{F23B8C41-E034-325A-9AAE-CFCF21A88C60}"
EndProject
Project("{FAE04EC0-301F-11D3-BF4B-00C04F79EFBC}") = "SmartlingLocalization.Automation", "..\..\..\UnrealEngineFromEpic\UE_5.3\Engine\Source\Programs\AutomationTool\SmartlingLocalization\SmartlingLocalization.Automation.csproj", "{7D397182-0D2A-3F6B-B4FB-D954091A3454}"
EndProject
Project("{FAE04EC0-301F-11D3-BF4B-00C04F79EFBC}") = "SteamDeck.Automation", "..\..\..\UnrealEngineFromEpic\UE_5.3\Engine\Source\Programs\AutomationTool\SteamDeck\SteamDeck.Automation.csproj", "{C7A4B65B-A5A1-3C07-8374-2CC05FD4F0C9}"
EndProject
Project("{FAE04EC0-301F-11D3-BF4B-00C04F79EFBC}") = "TVOS.Automation", "..\..\..\UnrealEngineFromEpic\UE_5.3\Engine\Source\Programs\AutomationTool\TVOS\TVOS.Automation.csproj", "{0290585E-AF70-3EA8-8C17-30E3DF665E0F}"
EndProject
Project("{FAE04EC0-301F-11D3-BF4B-00C04F79EFBC}") = "Turnkey.Automation", "..\..\..\UnrealEngineFromEpic\UE_5.3\Engine\Source\Programs\AutomationTool\Turnkey\Turnkey.Automation.csproj", "{DB823CBE-50F3-3C0D-B6E5-D6CB27848771}"
EndProject
Project("{FAE04EC0-301F-11D3-BF4B-00C04F79EFBC}") = "Win.Automation", "..\..\..\UnrealEngineFromEpic\UE_5.3\Engine\Source\Programs\AutomationTool\Win\Win.Automation.csproj", "{16F17126-FA80-3316-AED2-FB6065FD30B6}"
EndProject
Project("{FAE04EC0-301F-11D3-BF4B-00C04F79EFBC}") = "XLocLocalization.Automation", "..\..\..\UnrealEngineFromEpic\UE_5.3\Engine\Source\Programs\AutomationTool\XLocLocalization\XLocLocalization.Automation.csproj", "{49942F33-5B17-33F9-8227-111F5B15EBAA}"
EndProject
Project("{FAE04EC0-301F-11D3-BF4B-00C04F79EFBC}") = "ScriptGeneratorUbtPlugin.ubtplugin", "..\..\..\UnrealEngineFromEpic\UE_5.3\Engine\Plugins\ScriptPlugin\Source\ScriptGeneratorUbtPlugin\ScriptGeneratorUbtPlugin.ubtplugin.csproj", "{5DA56E93-40BA-305C-88D7-D34E41BFE23E}"
EndProject
Project("{FAE04EC0-301F-11D3-BF4B-00C04F79EFBC}") = "EpicGames.AspNet", "..\..\..\UnrealEngineFromEpic\UE_5.3\Engine\Source\Programs\Shared\EpicGames.AspNet\EpicGames.AspNet.csproj", "{3021DBAA-7829-344A-9C84-702837C54CB1}"
EndProject
Project("{FAE04EC0-301F-11D3-BF4B-00C04F79EFBC}") = "EpicGames.Box", "..\..\..\UnrealEngineFromEpic\UE_5.3\Engine\Source\Programs\Shared\EpicGames.Box\EpicGames.Box.csproj", "{3778373B-9F5F-3CC1-A0F1-78F736EFAB21}"
EndProject
Project("{FAE04EC0-301F-11D3-BF4B-00C04F79EFBC}") = "EpicGames.Build", "..\..\..\UnrealEngineFromEpic\UE_5.3\Engine\Source\Programs\Shared\EpicGames.Build\EpicGames.Build.csproj", "{C27A9E1C-92EF-3E69-8160-6D8E4F4281FA}"
EndProject
Project("{FAE04EC0-301F-11D3-BF4B-00C04F79EFBC}") = "EpicGames.BuildGraph", "..\..\..\UnrealEngineFromEpic\UE_5.3\Engine\Source\Programs\Shared\EpicGames.BuildGraph\EpicGames.BuildGraph.csproj", "{96BEABDA-073C-3759-B232-9D65FD4FBCF7}"
EndProject
Project("{FAE04EC0-301F-11D3-BF4B-00C04F79EFBC}") = "EpicGames.Core", "..\..\..\UnrealEngineFromEpic\UE_5.3\Engine\Source\Programs\Shared\EpicGames.Core\EpicGames.Core.csproj", "{54301C62-80FB-3435-9239-EB298CDF5B90}"
EndProject
Project("{FAE04EC0-301F-11D3-BF4B-00C04F79EFBC}") = "EpicGames.Horde", "..\..\..\UnrealEngineFromEpic\UE_5.3\Engine\Source\Programs\Shared\EpicGames.Horde\EpicGames.Horde.csproj", "{916FB4A1-E5C0-3D3E-9A3B-6BDDA8C8A095}"
EndProject
Project("{FAE04EC0-301F-11D3-BF4B-00C04F79EFBC}") = "EpicGames.IoHash", "..\..\..\UnrealEngineFromEpic\UE_5.3\Engine\Source\Programs\Shared\EpicGames.IoHash\EpicGames.IoHash.csproj", "{93FD2611-4751-3ED2-AE9D-55AB786F009F}"
EndProject
Project("{FAE04EC0-301F-11D3-BF4B-00C04F79EFBC}") = "EpicGames.Jupiter", "..\..\..\UnrealEngineFromEpic\UE_5.3\Engine\Source\Programs\Shared\EpicGames.Jupiter\EpicGames.Jupiter.csproj", "{DE9A4185-49A6-31A6-B084-F115F59A0D59}"
EndProject
Project("{FAE04EC0-301F-11D3-BF4B-00C04F79EFBC}") = "EpicGames.MongoDB", "..\..\..\UnrealEngineFromEpic\UE_5.3\Engine\Source\Programs\Shared\EpicGames.MongoDB\EpicGames.MongoDB.csproj", "{59A0D9F8-24D7-3553-AD58-663DCF82EE79}"
EndProject
Project("{FAE04EC0-301F-11D3-BF4B-00C04F79EFBC}") = "EpicGames.MsBuild", "..\..\..\UnrealEngineFromEpic\UE_5.3\Engine\Source\Programs\Shared\EpicGames.MsBuild\EpicGames.MsBuild.csproj", "{8C9FA483-4A91-362B-9D04-1A0B59674F5E}"
EndProject
Project("{FAE04EC0-301F-11D3-BF4B-00C04F79EFBC}") = "EpicGames.OIDC", "..\..\..\UnrealEngineFromEpic\UE_5.3\Engine\Source\Programs\Shared\EpicGames.OIDC\EpicGames.OIDC.csproj", "{BCA11F30-8822-3D6E-BDB1-2E7F56FF468F}"
EndProject
Project("{FAE04EC0-301F-11D3-BF4B-00C04F79EFBC}") = "EpicGames.Oodle", "..\..\..\UnrealEngineFromEpic\UE_5.3\Engine\Source\Programs\Shared\EpicGames.Oodle\EpicGames.Oodle.csproj", "{F7FDD037-D277-3B06-9864-D63500459CFD}"
EndProject
Project("{FAE04EC0-301F-11D3-BF4B-00C04F79EFBC}") = "EpicGames.Perforce", "..\..\..\UnrealEngineFromEpic\UE_5.3\Engine\Source\Programs\Shared\EpicGames.Perforce\EpicGames.Perforce.csproj", "{DC399A3A-041F-3438-8113-396AB6CEFDDD}"
EndProject
Project("{FAE04EC0-301F-11D3-BF4B-00C04F79EFBC}") = "EpicGames.Perforce.Fixture", "..\..\..\UnrealEngineFromEpic\UE_5.3\Engine\Source\Programs\Shared\EpicGames.Perforce.Fixture\EpicGames.Perforce.Fixture.csproj", "{5104D179-9405-3642-9A3B-7625CC33502A}"
EndProject
Project("{FAE04EC0-301F-11D3-BF4B-00C04F79EFBC}") = "EpicGames.Perforce.Managed", "..\..\..\UnrealEngineFromEpic\UE_5.3\Engine\Source\Programs\Shared\EpicGames.Perforce.Managed\EpicGames.Perforce.Managed.csproj", "{533C1391-9A9A-3842-95F4-4A73A949D1F2}"
EndProject
Project("{FAE04EC0-301F-11D3-BF4B-00C04F79EFBC}") = "EpicGames.Redis", "..\..\..\UnrealEngineFromEpic\UE_5.3\Engine\Source\Programs\Shared\EpicGames.Redis\EpicGames.Redis.csproj", "{7F61AF9C-9683-3B1A-82FE-FD31BAC1F22C}"
EndProject
Project("{FAE04EC0-301F-11D3-BF4B-00C04F79EFBC}") = "EpicGames.Serialization", "..\..\..\UnrealEngineFromEpic\UE_5.3\Engine\Source\Programs\Shared\EpicGames.Serialization\EpicGames.Serialization.csproj", "{83603D19-C568-3F22-8058-58A8F361C782}"
EndProject
Project("{FAE04EC0-301F-11D3-BF4B-00C04F79EFBC}") = "EpicGames.Slack", "..\..\..\UnrealEngineFromEpic\UE_5.3\Engine\Source\Programs\Shared\EpicGames.Slack\EpicGames.Slack.csproj", "{A6567317-1879-33E9-8D5B-001C59A98756}"
EndProject
Project("{FAE04EC0-301F-11D3-BF4B-00C04F79EFBC}") = "EpicGames.Tracing", "..\..\..\UnrealEngineFromEpic\UE_5.3\Engine\Source\Programs\Shared\EpicGames.Tracing\EpicGames.Tracing.csproj", "{F95BAFCD-1D46-3965-BE7C-BD7757197D3D}"
EndProject
Project("{FAE04EC0-301F-11D3-BF4B-00C04F79EFBC}") = "EpicGames.UHT", "..\..\..\UnrealEngineFromEpic\UE_5.3\Engine\Source\Programs\Shared\EpicGames.UHT\EpicGames.UHT.csproj", "{3BDFB2D2-CD29-3227-8121-E78B0FABABCC}"
EndProject
Project("{FAE04EC0-301F-11D3-BF4B-00C04F79EFBC}") = "ZombieAreaModuleRules", "Intermediate\Build\BuildRulesProjects\ZombieAreaModuleRules\ZombieAreaModuleRules.csproj", "{6B4357C3-3CFC-3F85-A8B4-8B911B911F53}"
EndProject
Project("{FAE04EC0-301F-11D3-BF4B-00C04F79EFBC}") = "UE5ProgramRules", "..\..\..\UnrealEngineFromEpic\UE_5.3\Engine\Intermediate\Build\BuildRulesProjects\UE5ProgramRules\UE5ProgramRules.csproj", "{76331814-AF7B-321A-841C-E81F71ED0780}"
EndProject
Project("{FAE04EC0-301F-11D3-BF4B-00C04F79EFBC}") = "UE5Rules", "..\..\..\UnrealEngineFromEpic\UE_5.3\Engine\Intermediate\Build\BuildRulesProjects\UE5Rules\UE5Rules.csproj", "{A723EB96-74FC-3976-85DD-F72FCE33E1BA}"
EndProject
Project("{2150E333-8FDC-42A3-9474-1A3956D46DE8}") = "Visualizers", "Visualizers", "{1CCEC849-CC72-4C59-8C36-2F7C38706D4C}"
	ProjectSection(SolutionItems) = preProject
		..\..\..\UnrealEngineFromEpic\UE_5.3\Engine\Extras\VisualStudioDebugging\Unreal.natvis = ..\..\..\UnrealEngineFromEpic\UE_5.3\Engine\Extras\VisualStudioDebugging\Unreal.natvis
		..\..\..\UnrealEngineFromEpic\UE_5.3\Engine\Extras\VisualStudioDebugging\Unreal.natstepfilter = ..\..\..\UnrealEngineFromEpic\UE_5.3\Engine\Extras\VisualStudioDebugging\Unreal.natstepfilter
	EndProjectSection
EndProject
Global
	GlobalSection(SolutionConfigurationPlatforms) = preSolution
		DebugGame Editor|Win64 = DebugGame Editor|Win64
		DebugGame|Win64 = DebugGame|Win64
		Development Editor|Win64 = Development Editor|Win64
		Development|Win64 = Development|Win64
		Shipping|Win64 = Shipping|Win64
	EndGlobalSection
	# UnrealVS Section
	GlobalSection(ddbf523f-7eb6-4887-bd51-85a714ff87eb) = preSolution
		AvailablePlatforms=Win64
	EndGlobalSection
	GlobalSection(ProjectConfigurationPlatforms) = postSolution
		{BA4476A3-70B2-3944-8064-6F7BD52374A6}.DebugGame Editor|Win64.ActiveCfg = DebugGame_Editor|x64
		{BA4476A3-70B2-3944-8064-6F7BD52374A6}.DebugGame Editor|Win64.Build.0 = DebugGame_Editor|x64
		{BA4476A3-70B2-3944-8064-6F7BD52374A6}.DebugGame|Win64.ActiveCfg = DebugGame|x64
		{BA4476A3-70B2-3944-8064-6F7BD52374A6}.DebugGame|Win64.Build.0 = DebugGame|x64
		{BA4476A3-70B2-3944-8064-6F7BD52374A6}.Development Editor|Win64.ActiveCfg = Development_Editor|x64
		{BA4476A3-70B2-3944-8064-6F7BD52374A6}.Development Editor|Win64.Build.0 = Development_Editor|x64
		{BA4476A3-70B2-3944-8064-6F7BD52374A6}.Development|Win64.ActiveCfg = Development|x64
		{BA4476A3-70B2-3944-8064-6F7BD52374A6}.Development|Win64.Build.0 = Development|x64
		{BA4476A3-70B2-3944-8064-6F7BD52374A6}.Shipping|Win64.ActiveCfg = Shipping|x64
		{BA4476A3-70B2-3944-8064-6F7BD52374A6}.Shipping|Win64.Build.0 = Shipping|x64
		{93440136-F26D-37E8-B3FC-34E489CFA730}.DebugGame Editor|Win64.ActiveCfg = BuiltWithUnrealBuildTool|Win64
		{93440136-F26D-37E8-B3FC-34E489CFA730}.DebugGame|Win64.ActiveCfg = BuiltWithUnrealBuildTool|Win64
		{93440136-F26D-37E8-B3FC-34E489CFA730}.Development Editor|Win64.ActiveCfg = BuiltWithUnrealBuildTool|Win64
		{93440136-F26D-37E8-B3FC-34E489CFA730}.Development|Win64.ActiveCfg = BuiltWithUnrealBuildTool|Win64
		{93440136-F26D-37E8-B3FC-34E489CFA730}.Shipping|Win64.ActiveCfg = BuiltWithUnrealBuildTool|Win64
		{7CE5B890-01C4-3E31-AA6E-C50F65E02E79}.DebugGame Editor|Win64.ActiveCfg = Development|Any CPU
		{7CE5B890-01C4-3E31-AA6E-C50F65E02E79}.DebugGame Editor|Win64.Build.0 = Development|Any CPU
		{7CE5B890-01C4-3E31-AA6E-C50F65E02E79}.DebugGame|Win64.ActiveCfg = Development|Any CPU
		{7CE5B890-01C4-3E31-AA6E-C50F65E02E79}.DebugGame|Win64.Build.0 = Development|Any CPU
		{7CE5B890-01C4-3E31-AA6E-C50F65E02E79}.Development Editor|Win64.ActiveCfg = Development|Any CPU
		{7CE5B890-01C4-3E31-AA6E-C50F65E02E79}.Development Editor|Win64.Build.0 = Development|Any CPU
		{7CE5B890-01C4-3E31-AA6E-C50F65E02E79}.Development|Win64.ActiveCfg = Development|Any CPU
		{7CE5B890-01C4-3E31-AA6E-C50F65E02E79}.Development|Win64.Build.0 = Development|Any CPU
		{7CE5B890-01C4-3E31-AA6E-C50F65E02E79}.Shipping|Win64.ActiveCfg = Development|Any CPU
		{7CE5B890-01C4-3E31-AA6E-C50F65E02E79}.Shipping|Win64.Build.0 = Development|Any CPU
		{CA36C6A5-EC1F-3D97-8573-F85C631F1621}.DebugGame Editor|Win64.ActiveCfg = Development|Any CPU
		{CA36C6A5-EC1F-3D97-8573-F85C631F1621}.DebugGame Editor|Win64.Build.0 = Development|Any CPU
		{CA36C6A5-EC1F-3D97-8573-F85C631F1621}.DebugGame|Win64.ActiveCfg = Development|Any CPU
		{CA36C6A5-EC1F-3D97-8573-F85C631F1621}.DebugGame|Win64.Build.0 = Development|Any CPU
		{CA36C6A5-EC1F-3D97-8573-F85C631F1621}.Development Editor|Win64.ActiveCfg = Development|Any CPU
		{CA36C6A5-EC1F-3D97-8573-F85C631F1621}.Development Editor|Win64.Build.0 = Development|Any CPU
		{CA36C6A5-EC1F-3D97-8573-F85C631F1621}.Development|Win64.ActiveCfg = Development|Any CPU
		{CA36C6A5-EC1F-3D97-8573-F85C631F1621}.Development|Win64.Build.0 = Development|Any CPU
		{CA36C6A5-EC1F-3D97-8573-F85C631F1621}.Shipping|Win64.ActiveCfg = Development|Any CPU
		{CA36C6A5-EC1F-3D97-8573-F85C631F1621}.Shipping|Win64.Build.0 = Development|Any CPU
		{CE58B711-81E3-3B55-8416-F17B86E72E38}.DebugGame Editor|Win64.ActiveCfg = Development|Any CPU
		{CE58B711-81E3-3B55-8416-F17B86E72E38}.DebugGame Editor|Win64.Build.0 = Development|Any CPU
		{CE58B711-81E3-3B55-8416-F17B86E72E38}.DebugGame|Win64.ActiveCfg = Development|Any CPU
		{CE58B711-81E3-3B55-8416-F17B86E72E38}.DebugGame|Win64.Build.0 = Development|Any CPU
		{CE58B711-81E3-3B55-8416-F17B86E72E38}.Development Editor|Win64.ActiveCfg = Development|Any CPU
		{CE58B711-81E3-3B55-8416-F17B86E72E38}.Development Editor|Win64.Build.0 = Development|Any CPU
		{CE58B711-81E3-3B55-8416-F17B86E72E38}.Development|Win64.ActiveCfg = Development|Any CPU
		{CE58B711-81E3-3B55-8416-F17B86E72E38}.Development|Win64.Build.0 = Development|Any CPU
		{CE58B711-81E3-3B55-8416-F17B86E72E38}.Shipping|Win64.ActiveCfg = Development|Any CPU
		{CE58B711-81E3-3B55-8416-F17B86E72E38}.Shipping|Win64.Build.0 = Development|Any CPU
		{391F0CF5-9D69-383A-AEC2-04C1B42F2D3E}.DebugGame Editor|Win64.ActiveCfg = Development|Any CPU
		{391F0CF5-9D69-383A-AEC2-04C1B42F2D3E}.DebugGame Editor|Win64.Build.0 = Development|Any CPU
		{391F0CF5-9D69-383A-AEC2-04C1B42F2D3E}.DebugGame|Win64.ActiveCfg = Development|Any CPU
		{391F0CF5-9D69-383A-AEC2-04C1B42F2D3E}.DebugGame|Win64.Build.0 = Development|Any CPU
		{391F0CF5-9D69-383A-AEC2-04C1B42F2D3E}.Development Editor|Win64.ActiveCfg = Development|Any CPU
		{391F0CF5-9D69-383A-AEC2-04C1B42F2D3E}.Development Editor|Win64.Build.0 = Development|Any CPU
		{391F0CF5-9D69-383A-AEC2-04C1B42F2D3E}.Development|Win64.ActiveCfg = Development|Any CPU
		{391F0CF5-9D69-383A-AEC2-04C1B42F2D3E}.Development|Win64.Build.0 = Development|Any CPU
		{391F0CF5-9D69-383A-AEC2-04C1B42F2D3E}.Shipping|Win64.ActiveCfg = Development|Any CPU
		{391F0CF5-9D69-383A-AEC2-04C1B42F2D3E}.Shipping|Win64.Build.0 = Development|Any CPU
		{E1B256A9-0A55-3D0B-9979-B878E26D14A9}.DebugGame Editor|Win64.ActiveCfg = Development|Any CPU
		{E1B256A9-0A55-3D0B-9979-B878E26D14A9}.DebugGame Editor|Win64.Build.0 = Development|Any CPU
		{E1B256A9-0A55-3D0B-9979-B878E26D14A9}.DebugGame|Win64.ActiveCfg = Development|Any CPU
		{E1B256A9-0A55-3D0B-9979-B878E26D14A9}.DebugGame|Win64.Build.0 = Development|Any CPU
		{E1B256A9-0A55-3D0B-9979-B878E26D14A9}.Development Editor|Win64.ActiveCfg = Development|Any CPU
		{E1B256A9-0A55-3D0B-9979-B878E26D14A9}.Development Editor|Win64.Build.0 = Development|Any CPU
		{E1B256A9-0A55-3D0B-9979-B878E26D14A9}.Development|Win64.ActiveCfg = Development|Any CPU
		{E1B256A9-0A55-3D0B-9979-B878E26D14A9}.Development|Win64.Build.0 = Development|Any CPU
		{E1B256A9-0A55-3D0B-9979-B878E26D14A9}.Shipping|Win64.ActiveCfg = Development|Any CPU
		{E1B256A9-0A55-3D0B-9979-B878E26D14A9}.Shipping|Win64.Build.0 = Development|Any CPU
		{B66C688F-4815-3311-AD60-3267032435F8}.DebugGame Editor|Win64.ActiveCfg = Development|Any CPU
		{B66C688F-4815-3311-AD60-3267032435F8}.DebugGame Editor|Win64.Build.0 = Development|Any CPU
		{B66C688F-4815-3311-AD60-3267032435F8}.DebugGame|Win64.ActiveCfg = Development|Any CPU
		{B66C688F-4815-3311-AD60-3267032435F8}.DebugGame|Win64.Build.0 = Development|Any CPU
		{B66C688F-4815-3311-AD60-3267032435F8}.Development Editor|Win64.ActiveCfg = Development|Any CPU
		{B66C688F-4815-3311-AD60-3267032435F8}.Development Editor|Win64.Build.0 = Development|Any CPU
		{B66C688F-4815-3311-AD60-3267032435F8}.Development|Win64.ActiveCfg = Development|Any CPU
		{B66C688F-4815-3311-AD60-3267032435F8}.Development|Win64.Build.0 = Development|Any CPU
		{B66C688F-4815-3311-AD60-3267032435F8}.Shipping|Win64.ActiveCfg = Development|Any CPU
		{B66C688F-4815-3311-AD60-3267032435F8}.Shipping|Win64.Build.0 = Development|Any CPU
		{4BED86E9-93AA-3889-AC02-876F6B235182}.DebugGame Editor|Win64.ActiveCfg = Development|Any CPU
		{4BED86E9-93AA-3889-AC02-876F6B235182}.DebugGame Editor|Win64.Build.0 = Development|Any CPU
		{4BED86E9-93AA-3889-AC02-876F6B235182}.DebugGame|Win64.ActiveCfg = Development|Any CPU
		{4BED86E9-93AA-3889-AC02-876F6B235182}.DebugGame|Win64.Build.0 = Development|Any CPU
		{4BED86E9-93AA-3889-AC02-876F6B235182}.Development Editor|Win64.ActiveCfg = Development|Any CPU
		{4BED86E9-93AA-3889-AC02-876F6B235182}.Development Editor|Win64.Build.0 = Development|Any CPU
		{4BED86E9-93AA-3889-AC02-876F6B235182}.Development|Win64.ActiveCfg = Development|Any CPU
		{4BED86E9-93AA-3889-AC02-876F6B235182}.Development|Win64.Build.0 = Development|Any CPU
		{4BED86E9-93AA-3889-AC02-876F6B235182}.Shipping|Win64.ActiveCfg = Development|Any CPU
		{4BED86E9-93AA-3889-AC02-876F6B235182}.Shipping|Win64.Build.0 = Development|Any CPU
		{9B1DC7CB-1A0B-36A3-AC98-A2C2C4704E21}.DebugGame Editor|Win64.ActiveCfg = Development|Any CPU
		{9B1DC7CB-1A0B-36A3-AC98-A2C2C4704E21}.DebugGame Editor|Win64.Build.0 = Development|Any CPU
		{9B1DC7CB-1A0B-36A3-AC98-A2C2C4704E21}.DebugGame|Win64.ActiveCfg = Development|Any CPU
		{9B1DC7CB-1A0B-36A3-AC98-A2C2C4704E21}.DebugGame|Win64.Build.0 = Development|Any CPU
		{9B1DC7CB-1A0B-36A3-AC98-A2C2C4704E21}.Development Editor|Win64.ActiveCfg = Development|Any CPU
		{9B1DC7CB-1A0B-36A3-AC98-A2C2C4704E21}.Development Editor|Win64.Build.0 = Development|Any CPU
		{9B1DC7CB-1A0B-36A3-AC98-A2C2C4704E21}.Development|Win64.ActiveCfg = Development|Any CPU
		{9B1DC7CB-1A0B-36A3-AC98-A2C2C4704E21}.Development|Win64.Build.0 = Development|Any CPU
		{9B1DC7CB-1A0B-36A3-AC98-A2C2C4704E21}.Shipping|Win64.ActiveCfg = Development|Any CPU
		{9B1DC7CB-1A0B-36A3-AC98-A2C2C4704E21}.Shipping|Win64.Build.0 = Development|Any CPU
		{D341995F-6761-3ACE-B679-8F20374F1869}.DebugGame Editor|Win64.ActiveCfg = Development|Any CPU
		{D341995F-6761-3ACE-B679-8F20374F1869}.DebugGame Editor|Win64.Build.0 = Development|Any CPU
		{D341995F-6761-3ACE-B679-8F20374F1869}.DebugGame|Win64.ActiveCfg = Development|Any CPU
		{D341995F-6761-3ACE-B679-8F20374F1869}.DebugGame|Win64.Build.0 = Development|Any CPU
		{D341995F-6761-3ACE-B679-8F20374F1869}.Development Editor|Win64.ActiveCfg = Development|Any CPU
		{D341995F-6761-3ACE-B679-8F20374F1869}.Development Editor|Win64.Build.0 = Development|Any CPU
		{D341995F-6761-3ACE-B679-8F20374F1869}.Development|Win64.ActiveCfg = Development|Any CPU
		{D341995F-6761-3ACE-B679-8F20374F1869}.Development|Win64.Build.0 = Development|Any CPU
		{D341995F-6761-3ACE-B679-8F20374F1869}.Shipping|Win64.ActiveCfg = Development|Any CPU
		{D341995F-6761-3ACE-B679-8F20374F1869}.Shipping|Win64.Build.0 = Development|Any CPU
		{7AE6412D-2213-370D-8FFC-5C10DF286507}.DebugGame Editor|Win64.ActiveCfg = Development|Any CPU
		{7AE6412D-2213-370D-8FFC-5C10DF286507}.DebugGame Editor|Win64.Build.0 = Development|Any CPU
		{7AE6412D-2213-370D-8FFC-5C10DF286507}.DebugGame|Win64.ActiveCfg = Development|Any CPU
		{7AE6412D-2213-370D-8FFC-5C10DF286507}.DebugGame|Win64.Build.0 = Development|Any CPU
		{7AE6412D-2213-370D-8FFC-5C10DF286507}.Development Editor|Win64.ActiveCfg = Development|Any CPU
		{7AE6412D-2213-370D-8FFC-5C10DF286507}.Development Editor|Win64.Build.0 = Development|Any CPU
		{7AE6412D-2213-370D-8FFC-5C10DF286507}.Development|Win64.ActiveCfg = Development|Any CPU
		{7AE6412D-2213-370D-8FFC-5C10DF286507}.Development|Win64.Build.0 = Development|Any CPU
		{7AE6412D-2213-370D-8FFC-5C10DF286507}.Shipping|Win64.ActiveCfg = Development|Any CPU
		{7AE6412D-2213-370D-8FFC-5C10DF286507}.Shipping|Win64.Build.0 = Development|Any CPU
		{C9731E0F-B6C8-3E91-9A0A-3595ED42F224}.DebugGame Editor|Win64.ActiveCfg = Development|Any CPU
		{C9731E0F-B6C8-3E91-9A0A-3595ED42F224}.DebugGame Editor|Win64.Build.0 = Development|Any CPU
		{C9731E0F-B6C8-3E91-9A0A-3595ED42F224}.DebugGame|Win64.ActiveCfg = Development|Any CPU
		{C9731E0F-B6C8-3E91-9A0A-3595ED42F224}.DebugGame|Win64.Build.0 = Development|Any CPU
		{C9731E0F-B6C8-3E91-9A0A-3595ED42F224}.Development Editor|Win64.ActiveCfg = Development|Any CPU
		{C9731E0F-B6C8-3E91-9A0A-3595ED42F224}.Development Editor|Win64.Build.0 = Development|Any CPU
		{C9731E0F-B6C8-3E91-9A0A-3595ED42F224}.Development|Win64.ActiveCfg = Development|Any CPU
		{C9731E0F-B6C8-3E91-9A0A-3595ED42F224}.Development|Win64.Build.0 = Development|Any CPU
		{C9731E0F-B6C8-3E91-9A0A-3595ED42F224}.Shipping|Win64.ActiveCfg = Development|Any CPU
		{C9731E0F-B6C8-3E91-9A0A-3595ED42F224}.Shipping|Win64.Build.0 = Development|Any CPU
		{4C4F70BA-D2B4-3847-ABAD-56AFDD633199}.DebugGame Editor|Win64.ActiveCfg = Development|Any CPU
		{4C4F70BA-D2B4-3847-ABAD-56AFDD633199}.DebugGame Editor|Win64.Build.0 = Development|Any CPU
		{4C4F70BA-D2B4-3847-ABAD-56AFDD633199}.DebugGame|Win64.ActiveCfg = Development|Any CPU
		{4C4F70BA-D2B4-3847-ABAD-56AFDD633199}.DebugGame|Win64.Build.0 = Development|Any CPU
		{4C4F70BA-D2B4-3847-ABAD-56AFDD633199}.Development Editor|Win64.ActiveCfg = Development|Any CPU
		{4C4F70BA-D2B4-3847-ABAD-56AFDD633199}.Development Editor|Win64.Build.0 = Development|Any CPU
		{4C4F70BA-D2B4-3847-ABAD-56AFDD633199}.Development|Win64.ActiveCfg = Development|Any CPU
		{4C4F70BA-D2B4-3847-ABAD-56AFDD633199}.Development|Win64.Build.0 = Development|Any CPU
		{4C4F70BA-D2B4-3847-ABAD-56AFDD633199}.Shipping|Win64.ActiveCfg = Development|Any CPU
		{4C4F70BA-D2B4-3847-ABAD-56AFDD633199}.Shipping|Win64.Build.0 = Development|Any CPU
		{1C89DFA7-806F-3109-9FE0-97D3A1627451}.DebugGame Editor|Win64.ActiveCfg = Development|Any CPU
		{1C89DFA7-806F-3109-9FE0-97D3A1627451}.DebugGame Editor|Win64.Build.0 = Development|Any CPU
		{1C89DFA7-806F-3109-9FE0-97D3A1627451}.DebugGame|Win64.ActiveCfg = Development|Any CPU
		{1C89DFA7-806F-3109-9FE0-97D3A1627451}.DebugGame|Win64.Build.0 = Development|Any CPU
		{1C89DFA7-806F-3109-9FE0-97D3A1627451}.Development Editor|Win64.ActiveCfg = Development|Any CPU
		{1C89DFA7-806F-3109-9FE0-97D3A1627451}.Development Editor|Win64.Build.0 = Development|Any CPU
		{1C89DFA7-806F-3109-9FE0-97D3A1627451}.Development|Win64.ActiveCfg = Development|Any CPU
		{1C89DFA7-806F-3109-9FE0-97D3A1627451}.Development|Win64.Build.0 = Development|Any CPU
		{1C89DFA7-806F-3109-9FE0-97D3A1627451}.Shipping|Win64.ActiveCfg = Development|Any CPU
		{1C89DFA7-806F-3109-9FE0-97D3A1627451}.Shipping|Win64.Build.0 = Development|Any CPU
		{640F84CF-C874-3756-948E-A676643B680C}.DebugGame Editor|Win64.ActiveCfg = Development|Any CPU
		{640F84CF-C874-3756-948E-A676643B680C}.DebugGame Editor|Win64.Build.0 = Development|Any CPU
		{640F84CF-C874-3756-948E-A676643B680C}.DebugGame|Win64.ActiveCfg = Development|Any CPU
		{640F84CF-C874-3756-948E-A676643B680C}.DebugGame|Win64.Build.0 = Development|Any CPU
		{640F84CF-C874-3756-948E-A676643B680C}.Development Editor|Win64.ActiveCfg = Development|Any CPU
		{640F84CF-C874-3756-948E-A676643B680C}.Development Editor|Win64.Build.0 = Development|Any CPU
		{640F84CF-C874-3756-948E-A676643B680C}.Development|Win64.ActiveCfg = Development|Any CPU
		{640F84CF-C874-3756-948E-A676643B680C}.Development|Win64.Build.0 = Development|Any CPU
		{640F84CF-C874-3756-948E-A676643B680C}.Shipping|Win64.ActiveCfg = Development|Any CPU
		{640F84CF-C874-3756-948E-A676643B680C}.Shipping|Win64.Build.0 = Development|Any CPU
		{C1F02E4B-9759-399D-8333-A2A82EE124DB}.DebugGame Editor|Win64.ActiveCfg = Development|Any CPU
		{C1F02E4B-9759-399D-8333-A2A82EE124DB}.DebugGame Editor|Win64.Build.0 = Development|Any CPU
		{C1F02E4B-9759-399D-8333-A2A82EE124DB}.DebugGame|Win64.ActiveCfg = Development|Any CPU
		{C1F02E4B-9759-399D-8333-A2A82EE124DB}.DebugGame|Win64.Build.0 = Development|Any CPU
		{C1F02E4B-9759-399D-8333-A2A82EE124DB}.Development Editor|Win64.ActiveCfg = Development|Any CPU
		{C1F02E4B-9759-399D-8333-A2A82EE124DB}.Development Editor|Win64.Build.0 = Development|Any CPU
		{C1F02E4B-9759-399D-8333-A2A82EE124DB}.Development|Win64.ActiveCfg = Development|Any CPU
		{C1F02E4B-9759-399D-8333-A2A82EE124DB}.Development|Win64.Build.0 = Development|Any CPU
		{C1F02E4B-9759-399D-8333-A2A82EE124DB}.Shipping|Win64.ActiveCfg = Development|Any CPU
		{C1F02E4B-9759-399D-8333-A2A82EE124DB}.Shipping|Win64.Build.0 = Development|Any CPU
		{F23B8C41-E034-325A-9AAE-CFCF21A88C60}.DebugGame Editor|Win64.ActiveCfg = Development|Any CPU
		{F23B8C41-E034-325A-9AAE-CFCF21A88C60}.DebugGame Editor|Win64.Build.0 = Development|Any CPU
		{F23B8C41-E034-325A-9AAE-CFCF21A88C60}.DebugGame|Win64.ActiveCfg = Development|Any CPU
		{F23B8C41-E034-325A-9AAE-CFCF21A88C60}.DebugGame|Win64.Build.0 = Development|Any CPU
		{F23B8C41-E034-325A-9AAE-CFCF21A88C60}.Development Editor|Win64.ActiveCfg = Development|Any CPU
		{F23B8C41-E034-325A-9AAE-CFCF21A88C60}.Development Editor|Win64.Build.0 = Development|Any CPU
		{F23B8C41-E034-325A-9AAE-CFCF21A88C60}.Development|Win64.ActiveCfg = Development|Any CPU
		{F23B8C41-E034-325A-9AAE-CFCF21A88C60}.Development|Win64.Build.0 = Development|Any CPU
		{F23B8C41-E034-325A-9AAE-CFCF21A88C60}.Shipping|Win64.ActiveCfg = Development|Any CPU
		{F23B8C41-E034-325A-9AAE-CFCF21A88C60}.Shipping|Win64.Build.0 = Development|Any CPU
		{7D397182-0D2A-3F6B-B4FB-D954091A3454}.DebugGame Editor|Win64.ActiveCfg = Development|Any CPU
		{7D397182-0D2A-3F6B-B4FB-D954091A3454}.DebugGame Editor|Win64.Build.0 = Development|Any CPU
		{7D397182-0D2A-3F6B-B4FB-D954091A3454}.DebugGame|Win64.ActiveCfg = Development|Any CPU
		{7D397182-0D2A-3F6B-B4FB-D954091A3454}.DebugGame|Win64.Build.0 = Development|Any CPU
		{7D397182-0D2A-3F6B-B4FB-D954091A3454}.Development Editor|Win64.ActiveCfg = Development|Any CPU
		{7D397182-0D2A-3F6B-B4FB-D954091A3454}.Development Editor|Win64.Build.0 = Development|Any CPU
		{7D397182-0D2A-3F6B-B4FB-D954091A3454}.Development|Win64.ActiveCfg = Development|Any CPU
		{7D397182-0D2A-3F6B-B4FB-D954091A3454}.Development|Win64.Build.0 = Development|Any CPU
		{7D397182-0D2A-3F6B-B4FB-D954091A3454}.Shipping|Win64.ActiveCfg = Development|Any CPU
		{7D397182-0D2A-3F6B-B4FB-D954091A3454}.Shipping|Win64.Build.0 = Development|Any CPU
		{C7A4B65B-A5A1-3C07-8374-2CC05FD4F0C9}.DebugGame Editor|Win64.ActiveCfg = Development|Any CPU
		{C7A4B65B-A5A1-3C07-8374-2CC05FD4F0C9}.DebugGame Editor|Win64.Build.0 = Development|Any CPU
		{C7A4B65B-A5A1-3C07-8374-2CC05FD4F0C9}.DebugGame|Win64.ActiveCfg = Development|Any CPU
		{C7A4B65B-A5A1-3C07-8374-2CC05FD4F0C9}.DebugGame|Win64.Build.0 = Development|Any CPU
		{C7A4B65B-A5A1-3C07-8374-2CC05FD4F0C9}.Development Editor|Win64.ActiveCfg = Development|Any CPU
		{C7A4B65B-A5A1-3C07-8374-2CC05FD4F0C9}.Development Editor|Win64.Build.0 = Development|Any CPU
		{C7A4B65B-A5A1-3C07-8374-2CC05FD4F0C9}.Development|Win64.ActiveCfg = Development|Any CPU
		{C7A4B65B-A5A1-3C07-8374-2CC05FD4F0C9}.Development|Win64.Build.0 = Development|Any CPU
		{C7A4B65B-A5A1-3C07-8374-2CC05FD4F0C9}.Shipping|Win64.ActiveCfg = Development|Any CPU
		{C7A4B65B-A5A1-3C07-8374-2CC05FD4F0C9}.Shipping|Win64.Build.0 = Development|Any CPU
		{0290585E-AF70-3EA8-8C17-30E3DF665E0F}.DebugGame Editor|Win64.ActiveCfg = Development|Any CPU
		{0290585E-AF70-3EA8-8C17-30E3DF665E0F}.DebugGame Editor|Win64.Build.0 = Development|Any CPU
		{0290585E-AF70-3EA8-8C17-30E3DF665E0F}.DebugGame|Win64.ActiveCfg = Development|Any CPU
		{0290585E-AF70-3EA8-8C17-30E3DF665E0F}.DebugGame|Win64.Build.0 = Development|Any CPU
		{0290585E-AF70-3EA8-8C17-30E3DF665E0F}.Development Editor|Win64.ActiveCfg = Development|Any CPU
		{0290585E-AF70-3EA8-8C17-30E3DF665E0F}.Development Editor|Win64.Build.0 = Development|Any CPU
		{0290585E-AF70-3EA8-8C17-30E3DF665E0F}.Development|Win64.ActiveCfg = Development|Any CPU
		{0290585E-AF70-3EA8-8C17-30E3DF665E0F}.Development|Win64.Build.0 = Development|Any CPU
		{0290585E-AF70-3EA8-8C17-30E3DF665E0F}.Shipping|Win64.ActiveCfg = Development|Any CPU
		{0290585E-AF70-3EA8-8C17-30E3DF665E0F}.Shipping|Win64.Build.0 = Development|Any CPU
		{DB823CBE-50F3-3C0D-B6E5-D6CB27848771}.DebugGame Editor|Win64.ActiveCfg = Development|Any CPU
		{DB823CBE-50F3-3C0D-B6E5-D6CB27848771}.DebugGame Editor|Win64.Build.0 = Development|Any CPU
		{DB823CBE-50F3-3C0D-B6E5-D6CB27848771}.DebugGame|Win64.ActiveCfg = Development|Any CPU
		{DB823CBE-50F3-3C0D-B6E5-D6CB27848771}.DebugGame|Win64.Build.0 = Development|Any CPU
		{DB823CBE-50F3-3C0D-B6E5-D6CB27848771}.Development Editor|Win64.ActiveCfg = Development|Any CPU
		{DB823CBE-50F3-3C0D-B6E5-D6CB27848771}.Development Editor|Win64.Build.0 = Development|Any CPU
		{DB823CBE-50F3-3C0D-B6E5-D6CB27848771}.Development|Win64.ActiveCfg = Development|Any CPU
		{DB823CBE-50F3-3C0D-B6E5-D6CB27848771}.Development|Win64.Build.0 = Development|Any CPU
		{DB823CBE-50F3-3C0D-B6E5-D6CB27848771}.Shipping|Win64.ActiveCfg = Development|Any CPU
		{DB823CBE-50F3-3C0D-B6E5-D6CB27848771}.Shipping|Win64.Build.0 = Development|Any CPU
		{16F17126-FA80-3316-AED2-FB6065FD30B6}.DebugGame Editor|Win64.ActiveCfg = Development|Any CPU
		{16F17126-FA80-3316-AED2-FB6065FD30B6}.DebugGame Editor|Win64.Build.0 = Development|Any CPU
		{16F17126-FA80-3316-AED2-FB6065FD30B6}.DebugGame|Win64.ActiveCfg = Development|Any CPU
		{16F17126-FA80-3316-AED2-FB6065FD30B6}.DebugGame|Win64.Build.0 = Development|Any CPU
		{16F17126-FA80-3316-AED2-FB6065FD30B6}.Development Editor|Win64.ActiveCfg = Development|Any CPU
		{16F17126-FA80-3316-AED2-FB6065FD30B6}.Development Editor|Win64.Build.0 = Development|Any CPU
		{16F17126-FA80-3316-AED2-FB6065FD30B6}.Development|Win64.ActiveCfg = Development|Any CPU
		{16F17126-FA80-3316-AED2-FB6065FD30B6}.Development|Win64.Build.0 = Development|Any CPU
		{16F17126-FA80-3316-AED2-FB6065FD30B6}.Shipping|Win64.ActiveCfg = Development|Any CPU
		{16F17126-FA80-3316-AED2-FB6065FD30B6}.Shipping|Win64.Build.0 = Development|Any CPU
		{49942F33-5B17-33F9-8227-111F5B15EBAA}.DebugGame Editor|Win64.ActiveCfg = Development|Any CPU
		{49942F33-5B17-33F9-8227-111F5B15EBAA}.DebugGame Editor|Win64.Build.0 = Development|Any CPU
		{49942F33-5B17-33F9-8227-111F5B15EBAA}.DebugGame|Win64.ActiveCfg = Development|Any CPU
		{49942F33-5B17-33F9-8227-111F5B15EBAA}.DebugGame|Win64.Build.0 = Development|Any CPU
		{49942F33-5B17-33F9-8227-111F5B15EBAA}.Development Editor|Win64.ActiveCfg = Development|Any CPU
		{49942F33-5B17-33F9-8227-111F5B15EBAA}.Development Editor|Win64.Build.0 = Development|Any CPU
		{49942F33-5B17-33F9-8227-111F5B15EBAA}.Development|Win64.ActiveCfg = Development|Any CPU
		{49942F33-5B17-33F9-8227-111F5B15EBAA}.Development|Win64.Build.0 = Development|Any CPU
		{49942F33-5B17-33F9-8227-111F5B15EBAA}.Shipping|Win64.ActiveCfg = Development|Any CPU
		{49942F33-5B17-33F9-8227-111F5B15EBAA}.Shipping|Win64.Build.0 = Development|Any CPU
		{5DA56E93-40BA-305C-88D7-D34E41BFE23E}.DebugGame Editor|Win64.ActiveCfg = Development|Any CPU
		{5DA56E93-40BA-305C-88D7-D34E41BFE23E}.DebugGame Editor|Win64.Build.0 = Development|Any CPU
		{5DA56E93-40BA-305C-88D7-D34E41BFE23E}.DebugGame|Win64.ActiveCfg = Development|Any CPU
		{5DA56E93-40BA-305C-88D7-D34E41BFE23E}.DebugGame|Win64.Build.0 = Development|Any CPU
		{5DA56E93-40BA-305C-88D7-D34E41BFE23E}.Development Editor|Win64.ActiveCfg = Development|Any CPU
		{5DA56E93-40BA-305C-88D7-D34E41BFE23E}.Development Editor|Win64.Build.0 = Development|Any CPU
		{5DA56E93-40BA-305C-88D7-D34E41BFE23E}.Development|Win64.ActiveCfg = Development|Any CPU
		{5DA56E93-40BA-305C-88D7-D34E41BFE23E}.Development|Win64.Build.0 = Development|Any CPU
		{5DA56E93-40BA-305C-88D7-D34E41BFE23E}.Shipping|Win64.ActiveCfg = Development|Any CPU
		{5DA56E93-40BA-305C-88D7-D34E41BFE23E}.Shipping|Win64.Build.0 = Development|Any CPU
		{3021DBAA-7829-344A-9C84-702837C54CB1}.DebugGame Editor|Win64.ActiveCfg = Development|Any CPU
		{3021DBAA-7829-344A-9C84-702837C54CB1}.DebugGame Editor|Win64.Build.0 = Development|Any CPU
		{3021DBAA-7829-344A-9C84-702837C54CB1}.DebugGame|Win64.ActiveCfg = Development|Any CPU
		{3021DBAA-7829-344A-9C84-702837C54CB1}.DebugGame|Win64.Build.0 = Development|Any CPU
		{3021DBAA-7829-344A-9C84-702837C54CB1}.Development Editor|Win64.ActiveCfg = Development|Any CPU
		{3021DBAA-7829-344A-9C84-702837C54CB1}.Development Editor|Win64.Build.0 = Development|Any CPU
		{3021DBAA-7829-344A-9C84-702837C54CB1}.Development|Win64.ActiveCfg = Development|Any CPU
		{3021DBAA-7829-344A-9C84-702837C54CB1}.Development|Win64.Build.0 = Development|Any CPU
		{3021DBAA-7829-344A-9C84-702837C54CB1}.Shipping|Win64.ActiveCfg = Development|Any CPU
		{3021DBAA-7829-344A-9C84-702837C54CB1}.Shipping|Win64.Build.0 = Development|Any CPU
		{3778373B-9F5F-3CC1-A0F1-78F736EFAB21}.DebugGame Editor|Win64.ActiveCfg = Development|Any CPU
		{3778373B-9F5F-3CC1-A0F1-78F736EFAB21}.DebugGame Editor|Win64.Build.0 = Development|Any CPU
		{3778373B-9F5F-3CC1-A0F1-78F736EFAB21}.DebugGame|Win64.ActiveCfg = Development|Any CPU
		{3778373B-9F5F-3CC1-A0F1-78F736EFAB21}.DebugGame|Win64.Build.0 = Development|Any CPU
		{3778373B-9F5F-3CC1-A0F1-78F736EFAB21}.Development Editor|Win64.ActiveCfg = Development|Any CPU
		{3778373B-9F5F-3CC1-A0F1-78F736EFAB21}.Development Editor|Win64.Build.0 = Development|Any CPU
		{3778373B-9F5F-3CC1-A0F1-78F736EFAB21}.Development|Win64.ActiveCfg = Development|Any CPU
		{3778373B-9F5F-3CC1-A0F1-78F736EFAB21}.Development|Win64.Build.0 = Development|Any CPU
		{3778373B-9F5F-3CC1-A0F1-78F736EFAB21}.Shipping|Win64.ActiveCfg = Development|Any CPU
		{3778373B-9F5F-3CC1-A0F1-78F736EFAB21}.Shipping|Win64.Build.0 = Development|Any CPU
		{C27A9E1C-92EF-3E69-8160-6D8E4F4281FA}.DebugGame Editor|Win64.ActiveCfg = Development|Any CPU
		{C27A9E1C-92EF-3E69-8160-6D8E4F4281FA}.DebugGame Editor|Win64.Build.0 = Development|Any CPU
		{C27A9E1C-92EF-3E69-8160-6D8E4F4281FA}.DebugGame|Win64.ActiveCfg = Development|Any CPU
		{C27A9E1C-92EF-3E69-8160-6D8E4F4281FA}.DebugGame|Win64.Build.0 = Development|Any CPU
		{C27A9E1C-92EF-3E69-8160-6D8E4F4281FA}.Development Editor|Win64.ActiveCfg = Development|Any CPU
		{C27A9E1C-92EF-3E69-8160-6D8E4F4281FA}.Development Editor|Win64.Build.0 = Development|Any CPU
		{C27A9E1C-92EF-3E69-8160-6D8E4F4281FA}.Development|Win64.ActiveCfg = Development|Any CPU
		{C27A9E1C-92EF-3E69-8160-6D8E4F4281FA}.Development|Win64.Build.0 = Development|Any CPU
		{C27A9E1C-92EF-3E69-8160-6D8E4F4281FA}.Shipping|Win64.ActiveCfg = Development|Any CPU
		{C27A9E1C-92EF-3E69-8160-6D8E4F4281FA}.Shipping|Win64.Build.0 = Development|Any CPU
		{96BEABDA-073C-3759-B232-9D65FD4FBCF7}.DebugGame Editor|Win64.ActiveCfg = Development|Any CPU
		{96BEABDA-073C-3759-B232-9D65FD4FBCF7}.DebugGame Editor|Win64.Build.0 = Development|Any CPU
		{96BEABDA-073C-3759-B232-9D65FD4FBCF7}.DebugGame|Win64.ActiveCfg = Development|Any CPU
		{96BEABDA-073C-3759-B232-9D65FD4FBCF7}.DebugGame|Win64.Build.0 = Development|Any CPU
		{96BEABDA-073C-3759-B232-9D65FD4FBCF7}.Development Editor|Win64.ActiveCfg = Development|Any CPU
		{96BEABDA-073C-3759-B232-9D65FD4FBCF7}.Development Editor|Win64.Build.0 = Development|Any CPU
		{96BEABDA-073C-3759-B232-9D65FD4FBCF7}.Development|Win64.ActiveCfg = Development|Any CPU
		{96BEABDA-073C-3759-B232-9D65FD4FBCF7}.Development|Win64.Build.0 = Development|Any CPU
		{96BEABDA-073C-3759-B232-9D65FD4FBCF7}.Shipping|Win64.ActiveCfg = Development|Any CPU
		{96BEABDA-073C-3759-B232-9D65FD4FBCF7}.Shipping|Win64.Build.0 = Development|Any CPU
		{54301C62-80FB-3435-9239-EB298CDF5B90}.DebugGame Editor|Win64.ActiveCfg = Development|Any CPU
		{54301C62-80FB-3435-9239-EB298CDF5B90}.DebugGame Editor|Win64.Build.0 = Development|Any CPU
		{54301C62-80FB-3435-9239-EB298CDF5B90}.DebugGame|Win64.ActiveCfg = Development|Any CPU
		{54301C62-80FB-3435-9239-EB298CDF5B90}.DebugGame|Win64.Build.0 = Development|Any CPU
		{54301C62-80FB-3435-9239-EB298CDF5B90}.Development Editor|Win64.ActiveCfg = Development|Any CPU
		{54301C62-80FB-3435-9239-EB298CDF5B90}.Development Editor|Win64.Build.0 = Development|Any CPU
		{54301C62-80FB-3435-9239-EB298CDF5B90}.Development|Win64.ActiveCfg = Development|Any CPU
		{54301C62-80FB-3435-9239-EB298CDF5B90}.Development|Win64.Build.0 = Development|Any CPU
		{54301C62-80FB-3435-9239-EB298CDF5B90}.Shipping|Win64.ActiveCfg = Development|Any CPU
		{54301C62-80FB-3435-9239-EB298CDF5B90}.Shipping|Win64.Build.0 = Development|Any CPU
		{916FB4A1-E5C0-3D3E-9A3B-6BDDA8C8A095}.DebugGame Editor|Win64.ActiveCfg = Development|Any CPU
		{916FB4A1-E5C0-3D3E-9A3B-6BDDA8C8A095}.DebugGame Editor|Win64.Build.0 = Development|Any CPU
		{916FB4A1-E5C0-3D3E-9A3B-6BDDA8C8A095}.DebugGame|Win64.ActiveCfg = Development|Any CPU
		{916FB4A1-E5C0-3D3E-9A3B-6BDDA8C8A095}.DebugGame|Win64.Build.0 = Development|Any CPU
		{916FB4A1-E5C0-3D3E-9A3B-6BDDA8C8A095}.Development Editor|Win64.ActiveCfg = Development|Any CPU
		{916FB4A1-E5C0-3D3E-9A3B-6BDDA8C8A095}.Development Editor|Win64.Build.0 = Development|Any CPU
		{916FB4A1-E5C0-3D3E-9A3B-6BDDA8C8A095}.Development|Win64.ActiveCfg = Development|Any CPU
		{916FB4A1-E5C0-3D3E-9A3B-6BDDA8C8A095}.Development|Win64.Build.0 = Development|Any CPU
		{916FB4A1-E5C0-3D3E-9A3B-6BDDA8C8A095}.Shipping|Win64.ActiveCfg = Development|Any CPU
		{916FB4A1-E5C0-3D3E-9A3B-6BDDA8C8A095}.Shipping|Win64.Build.0 = Development|Any CPU
		{93FD2611-4751-3ED2-AE9D-55AB786F009F}.DebugGame Editor|Win64.ActiveCfg = Development|Any CPU
		{93FD2611-4751-3ED2-AE9D-55AB786F009F}.DebugGame Editor|Win64.Build.0 = Development|Any CPU
		{93FD2611-4751-3ED2-AE9D-55AB786F009F}.DebugGame|Win64.ActiveCfg = Development|Any CPU
		{93FD2611-4751-3ED2-AE9D-55AB786F009F}.DebugGame|Win64.Build.0 = Development|Any CPU
		{93FD2611-4751-3ED2-AE9D-55AB786F009F}.Development Editor|Win64.ActiveCfg = Development|Any CPU
		{93FD2611-4751-3ED2-AE9D-55AB786F009F}.Development Editor|Win64.Build.0 = Development|Any CPU
		{93FD2611-4751-3ED2-AE9D-55AB786F009F}.Development|Win64.ActiveCfg = Development|Any CPU
		{93FD2611-4751-3ED2-AE9D-55AB786F009F}.Development|Win64.Build.0 = Development|Any CPU
		{93FD2611-4751-3ED2-AE9D-55AB786F009F}.Shipping|Win64.ActiveCfg = Development|Any CPU
		{93FD2611-4751-3ED2-AE9D-55AB786F009F}.Shipping|Win64.Build.0 = Development|Any CPU
		{DE9A4185-49A6-31A6-B084-F115F59A0D59}.DebugGame Editor|Win64.ActiveCfg = Development|Any CPU
		{DE9A4185-49A6-31A6-B084-F115F59A0D59}.DebugGame Editor|Win64.Build.0 = Development|Any CPU
		{DE9A4185-49A6-31A6-B084-F115F59A0D59}.DebugGame|Win64.ActiveCfg = Development|Any CPU
		{DE9A4185-49A6-31A6-B084-F115F59A0D59}.DebugGame|Win64.Build.0 = Development|Any CPU
		{DE9A4185-49A6-31A6-B084-F115F59A0D59}.Development Editor|Win64.ActiveCfg = Development|Any CPU
		{DE9A4185-49A6-31A6-B084-F115F59A0D59}.Development Editor|Win64.Build.0 = Development|Any CPU
		{DE9A4185-49A6-31A6-B084-F115F59A0D59}.Development|Win64.ActiveCfg = Development|Any CPU
		{DE9A4185-49A6-31A6-B084-F115F59A0D59}.Development|Win64.Build.0 = Development|Any CPU
		{DE9A4185-49A6-31A6-B084-F115F59A0D59}.Shipping|Win64.ActiveCfg = Development|Any CPU
		{DE9A4185-49A6-31A6-B084-F115F59A0D59}.Shipping|Win64.Build.0 = Development|Any CPU
		{59A0D9F8-24D7-3553-AD58-663DCF82EE79}.DebugGame Editor|Win64.ActiveCfg = Development|Any CPU
		{59A0D9F8-24D7-3553-AD58-663DCF82EE79}.DebugGame Editor|Win64.Build.0 = Development|Any CPU
		{59A0D9F8-24D7-3553-AD58-663DCF82EE79}.DebugGame|Win64.ActiveCfg = Development|Any CPU
		{59A0D9F8-24D7-3553-AD58-663DCF82EE79}.DebugGame|Win64.Build.0 = Development|Any CPU
		{59A0D9F8-24D7-3553-AD58-663DCF82EE79}.Development Editor|Win64.ActiveCfg = Development|Any CPU
		{59A0D9F8-24D7-3553-AD58-663DCF82EE79}.Development Editor|Win64.Build.0 = Development|Any CPU
		{59A0D9F8-24D7-3553-AD58-663DCF82EE79}.Development|Win64.ActiveCfg = Development|Any CPU
		{59A0D9F8-24D7-3553-AD58-663DCF82EE79}.Development|Win64.Build.0 = Development|Any CPU
		{59A0D9F8-24D7-3553-AD58-663DCF82EE79}.Shipping|Win64.ActiveCfg = Development|Any CPU
		{59A0D9F8-24D7-3553-AD58-663DCF82EE79}.Shipping|Win64.Build.0 = Development|Any CPU
		{8C9FA483-4A91-362B-9D04-1A0B59674F5E}.DebugGame Editor|Win64.ActiveCfg = Development|Any CPU
		{8C9FA483-4A91-362B-9D04-1A0B59674F5E}.DebugGame Editor|Win64.Build.0 = Development|Any CPU
		{8C9FA483-4A91-362B-9D04-1A0B59674F5E}.DebugGame|Win64.ActiveCfg = Development|Any CPU
		{8C9FA483-4A91-362B-9D04-1A0B59674F5E}.DebugGame|Win64.Build.0 = Development|Any CPU
		{8C9FA483-4A91-362B-9D04-1A0B59674F5E}.Development Editor|Win64.ActiveCfg = Development|Any CPU
		{8C9FA483-4A91-362B-9D04-1A0B59674F5E}.Development Editor|Win64.Build.0 = Development|Any CPU
		{8C9FA483-4A91-362B-9D04-1A0B59674F5E}.Development|Win64.ActiveCfg = Development|Any CPU
		{8C9FA483-4A91-362B-9D04-1A0B59674F5E}.Development|Win64.Build.0 = Development|Any CPU
		{8C9FA483-4A91-362B-9D04-1A0B59674F5E}.Shipping|Win64.ActiveCfg = Development|Any CPU
		{8C9FA483-4A91-362B-9D04-1A0B59674F5E}.Shipping|Win64.Build.0 = Development|Any CPU
		{BCA11F30-8822-3D6E-BDB1-2E7F56FF468F}.DebugGame Editor|Win64.ActiveCfg = Development|Any CPU
		{BCA11F30-8822-3D6E-BDB1-2E7F56FF468F}.DebugGame Editor|Win64.Build.0 = Development|Any CPU
		{BCA11F30-8822-3D6E-BDB1-2E7F56FF468F}.DebugGame|Win64.ActiveCfg = Development|Any CPU
		{BCA11F30-8822-3D6E-BDB1-2E7F56FF468F}.DebugGame|Win64.Build.0 = Development|Any CPU
		{BCA11F30-8822-3D6E-BDB1-2E7F56FF468F}.Development Editor|Win64.ActiveCfg = Development|Any CPU
		{BCA11F30-8822-3D6E-BDB1-2E7F56FF468F}.Development Editor|Win64.Build.0 = Development|Any CPU
		{BCA11F30-8822-3D6E-BDB1-2E7F56FF468F}.Development|Win64.ActiveCfg = Development|Any CPU
		{BCA11F30-8822-3D6E-BDB1-2E7F56FF468F}.Development|Win64.Build.0 = Development|Any CPU
		{BCA11F30-8822-3D6E-BDB1-2E7F56FF468F}.Shipping|Win64.ActiveCfg = Development|Any CPU
		{BCA11F30-8822-3D6E-BDB1-2E7F56FF468F}.Shipping|Win64.Build.0 = Development|Any CPU
		{F7FDD037-D277-3B06-9864-D63500459CFD}.DebugGame Editor|Win64.ActiveCfg = Development|Any CPU
		{F7FDD037-D277-3B06-9864-D63500459CFD}.DebugGame Editor|Win64.Build.0 = Development|Any CPU
		{F7FDD037-D277-3B06-9864-D63500459CFD}.DebugGame|Win64.ActiveCfg = Development|Any CPU
		{F7FDD037-D277-3B06-9864-D63500459CFD}.DebugGame|Win64.Build.0 = Development|Any CPU
		{F7FDD037-D277-3B06-9864-D63500459CFD}.Development Editor|Win64.ActiveCfg = Development|Any CPU
		{F7FDD037-D277-3B06-9864-D63500459CFD}.Development Editor|Win64.Build.0 = Development|Any CPU
		{F7FDD037-D277-3B06-9864-D63500459CFD}.Development|Win64.ActiveCfg = Development|Any CPU
		{F7FDD037-D277-3B06-9864-D63500459CFD}.Development|Win64.Build.0 = Development|Any CPU
		{F7FDD037-D277-3B06-9864-D63500459CFD}.Shipping|Win64.ActiveCfg = Development|Any CPU
		{F7FDD037-D277-3B06-9864-D63500459CFD}.Shipping|Win64.Build.0 = Development|Any CPU
		{DC399A3A-041F-3438-8113-396AB6CEFDDD}.DebugGame Editor|Win64.ActiveCfg = Development|Any CPU
		{DC399A3A-041F-3438-8113-396AB6CEFDDD}.DebugGame Editor|Win64.Build.0 = Development|Any CPU
		{DC399A3A-041F-3438-8113-396AB6CEFDDD}.DebugGame|Win64.ActiveCfg = Development|Any CPU
		{DC399A3A-041F-3438-8113-396AB6CEFDDD}.DebugGame|Win64.Build.0 = Development|Any CPU
		{DC399A3A-041F-3438-8113-396AB6CEFDDD}.Development Editor|Win64.ActiveCfg = Development|Any CPU
		{DC399A3A-041F-3438-8113-396AB6CEFDDD}.Development Editor|Win64.Build.0 = Development|Any CPU
		{DC399A3A-041F-3438-8113-396AB6CEFDDD}.Development|Win64.ActiveCfg = Development|Any CPU
		{DC399A3A-041F-3438-8113-396AB6CEFDDD}.Development|Win64.Build.0 = Development|Any CPU
		{DC399A3A-041F-3438-8113-396AB6CEFDDD}.Shipping|Win64.ActiveCfg = Development|Any CPU
		{DC399A3A-041F-3438-8113-396AB6CEFDDD}.Shipping|Win64.Build.0 = Development|Any CPU
		{5104D179-9405-3642-9A3B-7625CC33502A}.DebugGame Editor|Win64.ActiveCfg = Development|Any CPU
		{5104D179-9405-3642-9A3B-7625CC33502A}.DebugGame Editor|Win64.Build.0 = Development|Any CPU
		{5104D179-9405-3642-9A3B-7625CC33502A}.DebugGame|Win64.ActiveCfg = Development|Any CPU
		{5104D179-9405-3642-9A3B-7625CC33502A}.DebugGame|Win64.Build.0 = Development|Any CPU
		{5104D179-9405-3642-9A3B-7625CC33502A}.Development Editor|Win64.ActiveCfg = Development|Any CPU
		{5104D179-9405-3642-9A3B-7625CC33502A}.Development Editor|Win64.Build.0 = Development|Any CPU
		{5104D179-9405-3642-9A3B-7625CC33502A}.Development|Win64.ActiveCfg = Development|Any CPU
		{5104D179-9405-3642-9A3B-7625CC33502A}.Development|Win64.Build.0 = Development|Any CPU
		{5104D179-9405-3642-9A3B-7625CC33502A}.Shipping|Win64.ActiveCfg = Development|Any CPU
		{5104D179-9405-3642-9A3B-7625CC33502A}.Shipping|Win64.Build.0 = Development|Any CPU
		{533C1391-9A9A-3842-95F4-4A73A949D1F2}.DebugGame Editor|Win64.ActiveCfg = Development|Any CPU
		{533C1391-9A9A-3842-95F4-4A73A949D1F2}.DebugGame Editor|Win64.Build.0 = Development|Any CPU
		{533C1391-9A9A-3842-95F4-4A73A949D1F2}.DebugGame|Win64.ActiveCfg = Development|Any CPU
		{533C1391-9A9A-3842-95F4-4A73A949D1F2}.DebugGame|Win64.Build.0 = Development|Any CPU
		{533C1391-9A9A-3842-95F4-4A73A949D1F2}.Development Editor|Win64.ActiveCfg = Development|Any CPU
		{533C1391-9A9A-3842-95F4-4A73A949D1F2}.Development Editor|Win64.Build.0 = Development|Any CPU
		{533C1391-9A9A-3842-95F4-4A73A949D1F2}.Development|Win64.ActiveCfg = Development|Any CPU
		{533C1391-9A9A-3842-95F4-4A73A949D1F2}.Development|Win64.Build.0 = Development|Any CPU
		{533C1391-9A9A-3842-95F4-4A73A949D1F2}.Shipping|Win64.ActiveCfg = Development|Any CPU
		{533C1391-9A9A-3842-95F4-4A73A949D1F2}.Shipping|Win64.Build.0 = Development|Any CPU
		{7F61AF9C-9683-3B1A-82FE-FD31BAC1F22C}.DebugGame Editor|Win64.ActiveCfg = Development|Any CPU
		{7F61AF9C-9683-3B1A-82FE-FD31BAC1F22C}.DebugGame Editor|Win64.Build.0 = Development|Any CPU
		{7F61AF9C-9683-3B1A-82FE-FD31BAC1F22C}.DebugGame|Win64.ActiveCfg = Development|Any CPU
		{7F61AF9C-9683-3B1A-82FE-FD31BAC1F22C}.DebugGame|Win64.Build.0 = Development|Any CPU
		{7F61AF9C-9683-3B1A-82FE-FD31BAC1F22C}.Development Editor|Win64.ActiveCfg = Development|Any CPU
		{7F61AF9C-9683-3B1A-82FE-FD31BAC1F22C}.Development Editor|Win64.Build.0 = Development|Any CPU
		{7F61AF9C-9683-3B1A-82FE-FD31BAC1F22C}.Development|Win64.ActiveCfg = Development|Any CPU
		{7F61AF9C-9683-3B1A-82FE-FD31BAC1F22C}.Development|Win64.Build.0 = Development|Any CPU
		{7F61AF9C-9683-3B1A-82FE-FD31BAC1F22C}.Shipping|Win64.ActiveCfg = Development|Any CPU
		{7F61AF9C-9683-3B1A-82FE-FD31BAC1F22C}.Shipping|Win64.Build.0 = Development|Any CPU
		{83603D19-C568-3F22-8058-58A8F361C782}.DebugGame Editor|Win64.ActiveCfg = Development|Any CPU
		{83603D19-C568-3F22-8058-58A8F361C782}.DebugGame Editor|Win64.Build.0 = Development|Any CPU
		{83603D19-C568-3F22-8058-58A8F361C782}.DebugGame|Win64.ActiveCfg = Development|Any CPU
		{83603D19-C568-3F22-8058-58A8F361C782}.DebugGame|Win64.Build.0 = Development|Any CPU
		{83603D19-C568-3F22-8058-58A8F361C782}.Development Editor|Win64.ActiveCfg = Development|Any CPU
		{83603D19-C568-3F22-8058-58A8F361C782}.Development Editor|Win64.Build.0 = Development|Any CPU
		{83603D19-C568-3F22-8058-58A8F361C782}.Development|Win64.ActiveCfg = Development|Any CPU
		{83603D19-C568-3F22-8058-58A8F361C782}.Development|Win64.Build.0 = Development|Any CPU
		{83603D19-C568-3F22-8058-58A8F361C782}.Shipping|Win64.ActiveCfg = Development|Any CPU
		{83603D19-C568-3F22-8058-58A8F361C782}.Shipping|Win64.Build.0 = Development|Any CPU
		{A6567317-1879-33E9-8D5B-001C59A98756}.DebugGame Editor|Win64.ActiveCfg = Development|Any CPU
		{A6567317-1879-33E9-8D5B-001C59A98756}.DebugGame Editor|Win64.Build.0 = Development|Any CPU
		{A6567317-1879-33E9-8D5B-001C59A98756}.DebugGame|Win64.ActiveCfg = Development|Any CPU
		{A6567317-1879-33E9-8D5B-001C59A98756}.DebugGame|Win64.Build.0 = Development|Any CPU
		{A6567317-1879-33E9-8D5B-001C59A98756}.Development Editor|Win64.ActiveCfg = Development|Any CPU
		{A6567317-1879-33E9-8D5B-001C59A98756}.Development Editor|Win64.Build.0 = Development|Any CPU
		{A6567317-1879-33E9-8D5B-001C59A98756}.Development|Win64.ActiveCfg = Development|Any CPU
		{A6567317-1879-33E9-8D5B-001C59A98756}.Development|Win64.Build.0 = Development|Any CPU
		{A6567317-1879-33E9-8D5B-001C59A98756}.Shipping|Win64.ActiveCfg = Development|Any CPU
		{A6567317-1879-33E9-8D5B-001C59A98756}.Shipping|Win64.Build.0 = Development|Any CPU
		{F95BAFCD-1D46-3965-BE7C-BD7757197D3D}.DebugGame Editor|Win64.ActiveCfg = Development|Any CPU
		{F95BAFCD-1D46-3965-BE7C-BD7757197D3D}.DebugGame Editor|Win64.Build.0 = Development|Any CPU
		{F95BAFCD-1D46-3965-BE7C-BD7757197D3D}.DebugGame|Win64.ActiveCfg = Development|Any CPU
		{F95BAFCD-1D46-3965-BE7C-BD7757197D3D}.DebugGame|Win64.Build.0 = Development|Any CPU
		{F95BAFCD-1D46-3965-BE7C-BD7757197D3D}.Development Editor|Win64.ActiveCfg = Development|Any CPU
		{F95BAFCD-1D46-3965-BE7C-BD7757197D3D}.Development Editor|Win64.Build.0 = Development|Any CPU
		{F95BAFCD-1D46-3965-BE7C-BD7757197D3D}.Development|Win64.ActiveCfg = Development|Any CPU
		{F95BAFCD-1D46-3965-BE7C-BD7757197D3D}.Development|Win64.Build.0 = Development|Any CPU
		{F95BAFCD-1D46-3965-BE7C-BD7757197D3D}.Shipping|Win64.ActiveCfg = Development|Any CPU
		{F95BAFCD-1D46-3965-BE7C-BD7757197D3D}.Shipping|Win64.Build.0 = Development|Any CPU
		{3BDFB2D2-CD29-3227-8121-E78B0FABABCC}.DebugGame Editor|Win64.ActiveCfg = Development|Any CPU
		{3BDFB2D2-CD29-3227-8121-E78B0FABABCC}.DebugGame Editor|Win64.Build.0 = Development|Any CPU
		{3BDFB2D2-CD29-3227-8121-E78B0FABABCC}.DebugGame|Win64.ActiveCfg = Development|Any CPU
		{3BDFB2D2-CD29-3227-8121-E78B0FABABCC}.DebugGame|Win64.Build.0 = Development|Any CPU
		{3BDFB2D2-CD29-3227-8121-E78B0FABABCC}.Development Editor|Win64.ActiveCfg = Development|Any CPU
		{3BDFB2D2-CD29-3227-8121-E78B0FABABCC}.Development Editor|Win64.Build.0 = Development|Any CPU
		{3BDFB2D2-CD29-3227-8121-E78B0FABABCC}.Development|Win64.ActiveCfg = Development|Any CPU
		{3BDFB2D2-CD29-3227-8121-E78B0FABABCC}.Development|Win64.Build.0 = Development|Any CPU
		{3BDFB2D2-CD29-3227-8121-E78B0FABABCC}.Shipping|Win64.ActiveCfg = Development|Any CPU
		{3BDFB2D2-CD29-3227-8121-E78B0FABABCC}.Shipping|Win64.Build.0 = Development|Any CPU
		{6B4357C3-3CFC-3F85-A8B4-8B911B911F53}.DebugGame Editor|Win64.ActiveCfg = Development|Any CPU
		{6B4357C3-3CFC-3F85-A8B4-8B911B911F53}.DebugGame Editor|Win64.Build.0 = Development|Any CPU
		{6B4357C3-3CFC-3F85-A8B4-8B911B911F53}.DebugGame|Win64.ActiveCfg = Development|Any CPU
		{6B4357C3-3CFC-3F85-A8B4-8B911B911F53}.DebugGame|Win64.Build.0 = Development|Any CPU
		{6B4357C3-3CFC-3F85-A8B4-8B911B911F53}.Development Editor|Win64.ActiveCfg = Development|Any CPU
		{6B4357C3-3CFC-3F85-A8B4-8B911B911F53}.Development Editor|Win64.Build.0 = Development|Any CPU
		{6B4357C3-3CFC-3F85-A8B4-8B911B911F53}.Development|Win64.ActiveCfg = Development|Any CPU
		{6B4357C3-3CFC-3F85-A8B4-8B911B911F53}.Development|Win64.Build.0 = Development|Any CPU
		{6B4357C3-3CFC-3F85-A8B4-8B911B911F53}.Shipping|Win64.ActiveCfg = Development|Any CPU
		{6B4357C3-3CFC-3F85-A8B4-8B911B911F53}.Shipping|Win64.Build.0 = Development|Any CPU
		{76331814-AF7B-321A-841C-E81F71ED0780}.DebugGame Editor|Win64.ActiveCfg = Development|Any CPU
		{76331814-AF7B-321A-841C-E81F71ED0780}.DebugGame Editor|Win64.Build.0 = Development|Any CPU
		{76331814-AF7B-321A-841C-E81F71ED0780}.DebugGame|Win64.ActiveCfg = Development|Any CPU
		{76331814-AF7B-321A-841C-E81F71ED0780}.DebugGame|Win64.Build.0 = Development|Any CPU
		{76331814-AF7B-321A-841C-E81F71ED0780}.Development Editor|Win64.ActiveCfg = Development|Any CPU
		{76331814-AF7B-321A-841C-E81F71ED0780}.Development Editor|Win64.Build.0 = Development|Any CPU
		{76331814-AF7B-321A-841C-E81F71ED0780}.Development|Win64.ActiveCfg = Development|Any CPU
		{76331814-AF7B-321A-841C-E81F71ED0780}.Development|Win64.Build.0 = Development|Any CPU
		{76331814-AF7B-321A-841C-E81F71ED0780}.Shipping|Win64.ActiveCfg = Development|Any CPU
		{76331814-AF7B-321A-841C-E81F71ED0780}.Shipping|Win64.Build.0 = Development|Any CPU
		{A723EB96-74FC-3976-85DD-F72FCE33E1BA}.DebugGame Editor|Win64.ActiveCfg = Development|Any CPU
		{A723EB96-74FC-3976-85DD-F72FCE33E1BA}.DebugGame Editor|Win64.Build.0 = Development|Any CPU
		{A723EB96-74FC-3976-85DD-F72FCE33E1BA}.DebugGame|Win64.ActiveCfg = Development|Any CPU
		{A723EB96-74FC-3976-85DD-F72FCE33E1BA}.DebugGame|Win64.Build.0 = Development|Any CPU
		{A723EB96-74FC-3976-85DD-F72FCE33E1BA}.Development Editor|Win64.ActiveCfg = Development|Any CPU
		{A723EB96-74FC-3976-85DD-F72FCE33E1BA}.Development Editor|Win64.Build.0 = Development|Any CPU
		{A723EB96-74FC-3976-85DD-F72FCE33E1BA}.Development|Win64.ActiveCfg = Development|Any CPU
		{A723EB96-74FC-3976-85DD-F72FCE33E1BA}.Development|Win64.Build.0 = Development|Any CPU
		{A723EB96-74FC-3976-85DD-F72FCE33E1BA}.Shipping|Win64.ActiveCfg = Development|Any CPU
		{A723EB96-74FC-3976-85DD-F72FCE33E1BA}.Shipping|Win64.Build.0 = Development|Any CPU
	EndGlobalSection
	GlobalSection(SolutionProperties) = preSolution
		HideSolutionNode = FALSE
	EndGlobalSection
	GlobalSection(NestedProjects) = preSolution
		{93440136-F26D-37E8-B3FC-34E489CFA730} = {233774A8-CC9D-3FA9-86D1-90573E92B704}
		{BA4476A3-70B2-3944-8064-6F7BD52374A6} = {DE1F8B53-6C02-3C13-9101-A7C8D96F3FF6}
		{7CE5B890-01C4-3E31-AA6E-C50F65E02E79} = {A338B9E2-A559-34BE-A46D-F789DD488FAD}
		{CA36C6A5-EC1F-3D97-8573-F85C631F1621} = {A338B9E2-A559-34BE-A46D-F789DD488FAD}
		{0BFBE63A-B98A-3411-8EEB-8918FEC737B3} = {A338B9E2-A559-34BE-A46D-F789DD488FAD}
		{7B5CFB44-F0FB-31DF-AE62-C3C096A29A7B} = {A338B9E2-A559-34BE-A46D-F789DD488FAD}
		{57713676-9DBE-331C-AD10-26632AC9EE0C} = {A338B9E2-A559-34BE-A46D-F789DD488FAD}
		{CE58B711-81E3-3B55-8416-F17B86E72E38} = {0BFBE63A-B98A-3411-8EEB-8918FEC737B3}
		{391F0CF5-9D69-383A-AEC2-04C1B42F2D3E} = {0BFBE63A-B98A-3411-8EEB-8918FEC737B3}
		{E1B256A9-0A55-3D0B-9979-B878E26D14A9} = {0BFBE63A-B98A-3411-8EEB-8918FEC737B3}
		{B66C688F-4815-3311-AD60-3267032435F8} = {0BFBE63A-B98A-3411-8EEB-8918FEC737B3}
		{4BED86E9-93AA-3889-AC02-876F6B235182} = {0BFBE63A-B98A-3411-8EEB-8918FEC737B3}
		{9B1DC7CB-1A0B-36A3-AC98-A2C2C4704E21} = {0BFBE63A-B98A-3411-8EEB-8918FEC737B3}
		{D341995F-6761-3ACE-B679-8F20374F1869} = {0BFBE63A-B98A-3411-8EEB-8918FEC737B3}
		{7AE6412D-2213-370D-8FFC-5C10DF286507} = {0BFBE63A-B98A-3411-8EEB-8918FEC737B3}
		{C9731E0F-B6C8-3E91-9A0A-3595ED42F224} = {0BFBE63A-B98A-3411-8EEB-8918FEC737B3}
		{4C4F70BA-D2B4-3847-ABAD-56AFDD633199} = {0BFBE63A-B98A-3411-8EEB-8918FEC737B3}
		{1C89DFA7-806F-3109-9FE0-97D3A1627451} = {0BFBE63A-B98A-3411-8EEB-8918FEC737B3}
		{640F84CF-C874-3756-948E-A676643B680C} = {0BFBE63A-B98A-3411-8EEB-8918FEC737B3}
		{C1F02E4B-9759-399D-8333-A2A82EE124DB} = {0BFBE63A-B98A-3411-8EEB-8918FEC737B3}
		{F23B8C41-E034-325A-9AAE-CFCF21A88C60} = {0BFBE63A-B98A-3411-8EEB-8918FEC737B3}
		{7D397182-0D2A-3F6B-B4FB-D954091A3454} = {0BFBE63A-B98A-3411-8EEB-8918FEC737B3}
		{C7A4B65B-A5A1-3C07-8374-2CC05FD4F0C9} = {0BFBE63A-B98A-3411-8EEB-8918FEC737B3}
		{0290585E-AF70-3EA8-8C17-30E3DF665E0F} = {0BFBE63A-B98A-3411-8EEB-8918FEC737B3}
		{DB823CBE-50F3-3C0D-B6E5-D6CB27848771} = {0BFBE63A-B98A-3411-8EEB-8918FEC737B3}
		{16F17126-FA80-3316-AED2-FB6065FD30B6} = {0BFBE63A-B98A-3411-8EEB-8918FEC737B3}
		{49942F33-5B17-33F9-8227-111F5B15EBAA} = {0BFBE63A-B98A-3411-8EEB-8918FEC737B3}
		{5DA56E93-40BA-305C-88D7-D34E41BFE23E} = {7B5CFB44-F0FB-31DF-AE62-C3C096A29A7B}
		{3021DBAA-7829-344A-9C84-702837C54CB1} = {57713676-9DBE-331C-AD10-26632AC9EE0C}
		{3778373B-9F5F-3CC1-A0F1-78F736EFAB21} = {57713676-9DBE-331C-AD10-26632AC9EE0C}
		{C27A9E1C-92EF-3E69-8160-6D8E4F4281FA} = {57713676-9DBE-331C-AD10-26632AC9EE0C}
		{96BEABDA-073C-3759-B232-9D65FD4FBCF7} = {57713676-9DBE-331C-AD10-26632AC9EE0C}
		{54301C62-80FB-3435-9239-EB298CDF5B90} = {57713676-9DBE-331C-AD10-26632AC9EE0C}
		{916FB4A1-E5C0-3D3E-9A3B-6BDDA8C8A095} = {57713676-9DBE-331C-AD10-26632AC9EE0C}
		{93FD2611-4751-3ED2-AE9D-55AB786F009F} = {57713676-9DBE-331C-AD10-26632AC9EE0C}
		{DE9A4185-49A6-31A6-B084-F115F59A0D59} = {57713676-9DBE-331C-AD10-26632AC9EE0C}
		{59A0D9F8-24D7-3553-AD58-663DCF82EE79} = {57713676-9DBE-331C-AD10-26632AC9EE0C}
		{8C9FA483-4A91-362B-9D04-1A0B59674F5E} = {57713676-9DBE-331C-AD10-26632AC9EE0C}
		{BCA11F30-8822-3D6E-BDB1-2E7F56FF468F} = {57713676-9DBE-331C-AD10-26632AC9EE0C}
		{F7FDD037-D277-3B06-9864-D63500459CFD} = {57713676-9DBE-331C-AD10-26632AC9EE0C}
		{DC399A3A-041F-3438-8113-396AB6CEFDDD} = {57713676-9DBE-331C-AD10-26632AC9EE0C}
		{5104D179-9405-3642-9A3B-7625CC33502A} = {57713676-9DBE-331C-AD10-26632AC9EE0C}
		{533C1391-9A9A-3842-95F4-4A73A949D1F2} = {57713676-9DBE-331C-AD10-26632AC9EE0C}
		{7F61AF9C-9683-3B1A-82FE-FD31BAC1F22C} = {57713676-9DBE-331C-AD10-26632AC9EE0C}
		{83603D19-C568-3F22-8058-58A8F361C782} = {57713676-9DBE-331C-AD10-26632AC9EE0C}
		{A6567317-1879-33E9-8D5B-001C59A98756} = {57713676-9DBE-331C-AD10-26632AC9EE0C}
		{F95BAFCD-1D46-3965-BE7C-BD7757197D3D} = {57713676-9DBE-331C-AD10-26632AC9EE0C}
		{3BDFB2D2-CD29-3227-8121-E78B0FABABCC} = {57713676-9DBE-331C-AD10-26632AC9EE0C}
		{6B4357C3-3CFC-3F85-A8B4-8B911B911F53} = {C2F57ECE-B26F-39D8-BDA7-C1D40BD8F180}
		{76331814-AF7B-321A-841C-E81F71ED0780} = {C2F57ECE-B26F-39D8-BDA7-C1D40BD8F180}
		{A723EB96-74FC-3976-85DD-F72FCE33E1BA} = {C2F57ECE-B26F-39D8-BDA7-C1D40BD8F180}
	EndGlobalSection
EndGlobal
